// !$*UTF8*$!
{
	archiveVersion = 1;
	classes = {
	};
	objectVersion = 56;
	objects = {

/* Begin PBXBuildFile section */
		E6180D7D2C52B08C00E65532 /* AppDelegate.swift in Sources */ = {isa = PBXBuildFile; fileRef = E6180D7C2C52B08C00E65532 /* AppDelegate.swift */; };
		E6180D7F2C52B08C00E65532 /* SceneDelegate.swift in Sources */ = {isa = PBXBuildFile; fileRef = E6180D7E2C52B08C00E65532 /* SceneDelegate.swift */; };
		E6180D812C52B08C00E65532 /* ViewController.swift in Sources */ = {isa = PBXBuildFile; fileRef = E6180D802C52B08C00E65532 /* ViewController.swift */; };
		E6180D842C52B08C00E65532 /* Base in Resources */ = {isa = PBXBuildFile; fileRef = E6180D832C52B08C00E65532 /* Base */; };
		E6180D872C52B08C00E65532 /* ShiftLabApp.xcdatamodeld in Sources */ = {isa = PBXBuildFile; fileRef = E6180D852C52B08C00E65532 /* ShiftLabApp.xcdatamodeld */; };
		E6180D892C52B08D00E65532 /* Assets.xcassets in Resources */ = {isa = PBXBuildFile; fileRef = E6180D882C52B08D00E65532 /* Assets.xcassets */; };
		E6180D8C2C52B08D00E65532 /* Base in Resources */ = {isa = PBXBuildFile; fileRef = E6180D8B2C52B08D00E65532 /* Base */; };
		E63E2A142C52BF4E00166422 /* ViewModel.swift in Sources */ = {isa = PBXBuildFile; fileRef = E63E2A132C52BF4E00166422 /* ViewModel.swift */; };
		E63E2A172C52BF9F00166422 /* Dynamic.swift in Sources */ = {isa = PBXBuildFile; fileRef = E63E2A162C52BF9F00166422 /* Dynamic.swift */; };
		E6755D5C2C5566DE0054DE6B /* StorageManager.swift in Sources */ = {isa = PBXBuildFile; fileRef = E6755D5B2C5566DE0054DE6B /* StorageManager.swift */; };
		E6755D5F2C5593470054DE6B /* User+CoreDataClass.swift in Sources */ = {isa = PBXBuildFile; fileRef = E6755D5D2C5593470054DE6B /* User+CoreDataClass.swift */; };
		E6755D602C5593470054DE6B /* User+CoreDataProperties.swift in Sources */ = {isa = PBXBuildFile; fileRef = E6755D5E2C5593470054DE6B /* User+CoreDataProperties.swift */; };
		E6755D622C559F9E0054DE6B /* RegisterViewController.swift in Sources */ = {isa = PBXBuildFile; fileRef = E6755D612C559F9E0054DE6B /* RegisterViewController.swift */; };
		E6755D642C559FEC0054DE6B /* RegisterView.storyboard in Resources */ = {isa = PBXBuildFile; fileRef = E6755D632C559FEC0054DE6B /* RegisterView.storyboard */; };
		E6755D6A2C5A5C3F0054DE6B /* TableScreenViewController.swift in Sources */ = {isa = PBXBuildFile; fileRef = E6755D692C5A5C3F0054DE6B /* TableScreenViewController.swift */; };
		E6755D6E2C5A5F820054DE6B /* GreetingViewController.swift in Sources */ = {isa = PBXBuildFile; fileRef = E6755D6D2C5A5F820054DE6B /* GreetingViewController.swift */; };
		E6755D702C5A74160054DE6B /* Product.swift in Sources */ = {isa = PBXBuildFile; fileRef = E6755D6F2C5A74160054DE6B /* Product.swift */; };
/* End PBXBuildFile section */

/* Begin PBXFileReference section */
		E6180D792C52B08C00E65532 /* ShiftLabApp.app */ = {isa = PBXFileReference; explicitFileType = wrapper.application; includeInIndex = 0; path = ShiftLabApp.app; sourceTree = BUILT_PRODUCTS_DIR; };
		E6180D7C2C52B08C00E65532 /* AppDelegate.swift */ = {isa = PBXFileReference; lastKnownFileType = sourcecode.swift; path = AppDelegate.swift; sourceTree = "<group>"; };
		E6180D7E2C52B08C00E65532 /* SceneDelegate.swift */ = {isa = PBXFileReference; lastKnownFileType = sourcecode.swift; path = SceneDelegate.swift; sourceTree = "<group>"; };
		E6180D802C52B08C00E65532 /* ViewController.swift */ = {isa = PBXFileReference; lastKnownFileType = sourcecode.swift; path = ViewController.swift; sourceTree = "<group>"; };
		E6180D832C52B08C00E65532 /* Base */ = {isa = PBXFileReference; lastKnownFileType = file.storyboard; name = Base; path = Base.lproj/Main.storyboard; sourceTree = "<group>"; };
		E6180D862C52B08C00E65532 /* ShiftLabApp.xcdatamodel */ = {isa = PBXFileReference; lastKnownFileType = wrapper.xcdatamodel; path = ShiftLabApp.xcdatamodel; sourceTree = "<group>"; };
		E6180D882C52B08D00E65532 /* Assets.xcassets */ = {isa = PBXFileReference; lastKnownFileType = folder.assetcatalog; path = Assets.xcassets; sourceTree = "<group>"; };
		E6180D8B2C52B08D00E65532 /* Base */ = {isa = PBXFileReference; lastKnownFileType = file.storyboard; name = Base; path = Base.lproj/LaunchScreen.storyboard; sourceTree = "<group>"; };
		E6180D8D2C52B08D00E65532 /* Info.plist */ = {isa = PBXFileReference; lastKnownFileType = text.plist.xml; path = Info.plist; sourceTree = "<group>"; };
		E63E2A132C52BF4E00166422 /* ViewModel.swift */ = {isa = PBXFileReference; lastKnownFileType = sourcecode.swift; path = ViewModel.swift; sourceTree = "<group>"; };
		E63E2A162C52BF9F00166422 /* Dynamic.swift */ = {isa = PBXFileReference; lastKnownFileType = sourcecode.swift; path = Dynamic.swift; sourceTree = "<group>"; };
		E6755D5B2C5566DE0054DE6B /* StorageManager.swift */ = {isa = PBXFileReference; lastKnownFileType = sourcecode.swift; path = StorageManager.swift; sourceTree = "<group>"; };
		E6755D5D2C5593470054DE6B /* User+CoreDataClass.swift */ = {isa = PBXFileReference; lastKnownFileType = sourcecode.swift; path = "User+CoreDataClass.swift"; sourceTree = "<group>"; };
		E6755D5E2C5593470054DE6B /* User+CoreDataProperties.swift */ = {isa = PBXFileReference; lastKnownFileType = sourcecode.swift; path = "User+CoreDataProperties.swift"; sourceTree = "<group>"; };
		E6755D612C559F9E0054DE6B /* RegisterViewController.swift */ = {isa = PBXFileReference; lastKnownFileType = sourcecode.swift; path = RegisterViewController.swift; sourceTree = "<group>"; };
		E6755D632C559FEC0054DE6B /* RegisterView.storyboard */ = {isa = PBXFileReference; lastKnownFileType = file.storyboard; path = RegisterView.storyboard; sourceTree = "<group>"; };
		E6755D692C5A5C3F0054DE6B /* TableScreenViewController.swift */ = {isa = PBXFileReference; lastKnownFileType = sourcecode.swift; path = TableScreenViewController.swift; sourceTree = "<group>"; };
		E6755D6D2C5A5F820054DE6B /* GreetingViewController.swift */ = {isa = PBXFileReference; lastKnownFileType = sourcecode.swift; path = GreetingViewController.swift; sourceTree = "<group>"; };
		E6755D6F2C5A74160054DE6B /* Product.swift */ = {isa = PBXFileReference; lastKnownFileType = sourcecode.swift; path = Product.swift; sourceTree = "<group>"; };
/* End PBXFileReference section */

/* Begin PBXFrameworksBuildPhase section */
		E6180D762C52B08C00E65532 /* Frameworks */ = {
			isa = PBXFrameworksBuildPhase;
			buildActionMask = 2147483647;
			files = (
			);
			runOnlyForDeploymentPostprocessing = 0;
		};
/* End PBXFrameworksBuildPhase section */

/* Begin PBXGroup section */
		E6180D702C52B08C00E65532 = {
			isa = PBXGroup;
			children = (
				E6180D7B2C52B08C00E65532 /* ShiftLabApp */,
				E6180D7A2C52B08C00E65532 /* Products */,
			);
			sourceTree = "<group>";
		};
		E6180D7A2C52B08C00E65532 /* Products */ = {
			isa = PBXGroup;
			children = (
				E6180D792C52B08C00E65532 /* ShiftLabApp.app */,
			);
			name = Products;
			sourceTree = "<group>";
		};
		E6180D7B2C52B08C00E65532 /* ShiftLabApp */ = {
			isa = PBXGroup;
			children = (
				E63E2A0D2C52BC9C00166422 /* ViewModels */,
				E6180D882C52B08D00E65532 /* Assets.xcassets */,
				E63E2A0E2C52BCA700166422 /* Views */,
				E63E2A0F2C52BCAF00166422 /* Models */,
				E6180D8D2C52B08D00E65532 /* Info.plist */,
				E6180D7C2C52B08C00E65532 /* AppDelegate.swift */,
				E6180D7E2C52B08C00E65532 /* SceneDelegate.swift */,
				E6180D852C52B08C00E65532 /* ShiftLabApp.xcdatamodeld */,
				E6755D5B2C5566DE0054DE6B /* StorageManager.swift */,
			);
			path = ShiftLabApp;
			sourceTree = "<group>";
		};
		E63E2A0D2C52BC9C00166422 /* ViewModels */ = {
			isa = PBXGroup;
			children = (
				E63E2A152C52BF8C00166422 /* Bindings */,
				E63E2A132C52BF4E00166422 /* ViewModel.swift */,
			);
			path = ViewModels;
			sourceTree = "<group>";
		};
		E63E2A0E2C52BCA700166422 /* Views */ = {
			isa = PBXGroup;
			children = (
				E6755D6D2C5A5F820054DE6B /* GreetingViewController.swift */,
				E6755D612C559F9E0054DE6B /* RegisterViewController.swift */,
				E6180D802C52B08C00E65532 /* ViewController.swift */,
				E6755D692C5A5C3F0054DE6B /* TableScreenViewController.swift */,
				E63E2A102C52BCCF00166422 /* StryBoards */,
			);
			path = Views;
			sourceTree = "<group>";
		};
		E63E2A0F2C52BCAF00166422 /* Models */ = {
			isa = PBXGroup;
			children = (
				E6755D5D2C5593470054DE6B /* User+CoreDataClass.swift */,
				E6755D5E2C5593470054DE6B /* User+CoreDataProperties.swift */,
				E6755D6F2C5A74160054DE6B /* Product.swift */,
			);
			path = Models;
			sourceTree = "<group>";
		};
		E63E2A102C52BCCF00166422 /* StryBoards */ = {
			isa = PBXGroup;
			children = (
				E6180D8A2C52B08D00E65532 /* LaunchScreen.storyboard */,
				E6180D822C52B08C00E65532 /* Main.storyboard */,
				E6755D632C559FEC0054DE6B /* RegisterView.storyboard */,
			);
			path = StryBoards;
			sourceTree = "<group>";
		};
		E63E2A152C52BF8C00166422 /* Bindings */ = {
			isa = PBXGroup;
			children = (
				E63E2A162C52BF9F00166422 /* Dynamic.swift */,
			);
			path = Bindings;
			sourceTree = "<group>";
		};
/* End PBXGroup section */

/* Begin PBXNativeTarget section */
		E6180D782C52B08C00E65532 /* ShiftLabApp */ = {
			isa = PBXNativeTarget;
			buildConfigurationList = E6180D902C52B08D00E65532 /* Build configuration list for PBXNativeTarget "ShiftLabApp" */;
			buildPhases = (
				E6180D752C52B08C00E65532 /* Sources */,
				E6180D762C52B08C00E65532 /* Frameworks */,
				E6180D772C52B08C00E65532 /* Resources */,
			);
			buildRules = (
			);
			dependencies = (
			);
			name = ShiftLabApp;
			productName = ShiftLabApp;
			productReference = E6180D792C52B08C00E65532 /* ShiftLabApp.app */;
			productType = "com.apple.product-type.application";
		};
/* End PBXNativeTarget section */

/* Begin PBXProject section */
		E6180D712C52B08C00E65532 /* Project object */ = {
			isa = PBXProject;
			attributes = {
				BuildIndependentTargetsInParallel = 1;
				LastSwiftUpdateCheck = 1530;
				LastUpgradeCheck = 1530;
				TargetAttributes = {
					E6180D782C52B08C00E65532 = {
						CreatedOnToolsVersion = 15.3;
					};
				};
			};
			buildConfigurationList = E6180D742C52B08C00E65532 /* Build configuration list for PBXProject "ShiftLabApp" */;
			compatibilityVersion = "Xcode 14.0";
			developmentRegion = en;
			hasScannedForEncodings = 0;
			knownRegions = (
				en,
				Base,
			);
			mainGroup = E6180D702C52B08C00E65532;
			productRefGroup = E6180D7A2C52B08C00E65532 /* Products */;
			projectDirPath = "";
			projectRoot = "";
			targets = (
				E6180D782C52B08C00E65532 /* ShiftLabApp */,
			);
		};
/* End PBXProject section */

/* Begin PBXResourcesBuildPhase section */
		E6180D772C52B08C00E65532 /* Resources */ = {
			isa = PBXResourcesBuildPhase;
			buildActionMask = 2147483647;
			files = (
				E6180D892C52B08D00E65532 /* Assets.xcassets in Resources */,
				E6180D8C2C52B08D00E65532 /* Base in Resources */,
				E6755D642C559FEC0054DE6B /* RegisterView.storyboard in Resources */,
				E6180D842C52B08C00E65532 /* Base in Resources */,
			);
			runOnlyForDeploymentPostprocessing = 0;
		};
/* End PBXResourcesBuildPhase section */

/* Begin PBXSourcesBuildPhase section */
		E6180D752C52B08C00E65532 /* Sources */ = {
			isa = PBXSourcesBuildPhase;
			buildActionMask = 2147483647;
			files = (
				E6755D6A2C5A5C3F0054DE6B /* TableScreenViewController.swift in Sources */,
				E6180D812C52B08C00E65532 /* ViewController.swift in Sources */,
				E6755D622C559F9E0054DE6B /* RegisterViewController.swift in Sources */,
				E6180D7D2C52B08C00E65532 /* AppDelegate.swift in Sources */,
				E6755D5F2C5593470054DE6B /* User+CoreDataClass.swift in Sources */,
				E6755D602C5593470054DE6B /* User+CoreDataProperties.swift in Sources */,
				E6180D872C52B08C00E65532 /* ShiftLabApp.xcdatamodeld in Sources */,
				E6755D6E2C5A5F820054DE6B /* GreetingViewController.swift in Sources */,
				E6755D5C2C5566DE0054DE6B /* StorageManager.swift in Sources */,
				E63E2A172C52BF9F00166422 /* Dynamic.swift in Sources */,
				E63E2A142C52BF4E00166422 /* ViewModel.swift in Sources */,
				E6180D7F2C52B08C00E65532 /* SceneDelegate.swift in Sources */,
				E6755D702C5A74160054DE6B /* Product.swift in Sources */,
			);
			runOnlyForDeploymentPostprocessing = 0;
		};
/* End PBXSourcesBuildPhase section */

/* Begin PBXVariantGroup section */
		E6180D822C52B08C00E65532 /* Main.storyboard */ = {
			isa = PBXVariantGroup;
			children = (
				E6180D832C52B08C00E65532 /* Base */,
			);
			name = Main.storyboard;
			sourceTree = "<group>";
		};
		E6180D8A2C52B08D00E65532 /* LaunchScreen.storyboard */ = {
			isa = PBXVariantGroup;
			children = (
				E6180D8B2C52B08D00E65532 /* Base */,
			);
			name = LaunchScreen.storyboard;
			sourceTree = "<group>";
		};
/* End PBXVariantGroup section */

/* Begin XCBuildConfiguration section */
		E6180D8E2C52B08D00E65532 /* Debug */ = {
			isa = XCBuildConfiguration;
			buildSettings = {
				ALWAYS_SEARCH_USER_PATHS = NO;
				ASSETCATALOG_COMPILER_GENERATE_SWIFT_ASSET_SYMBOL_EXTENSIONS = YES;
				CLANG_ANALYZER_NONNULL = YES;
				CLANG_ANALYZER_NUMBER_OBJECT_CONVERSION = YES_AGGRESSIVE;
				CLANG_CXX_LANGUAGE_STANDARD = "gnu++20";
				CLANG_ENABLE_MODULES = YES;
				CLANG_ENABLE_OBJC_ARC = YES;
				CLANG_ENABLE_OBJC_WEAK = YES;
				CLANG_WARN_BLOCK_CAPTURE_AUTORELEASING = YES;
				CLANG_WARN_BOOL_CONVERSION = YES;
				CLANG_WARN_COMMA = YES;
				CLANG_WARN_CONSTANT_CONVERSION = YES;
				CLANG_WARN_DEPRECATED_OBJC_IMPLEMENTATIONS = YES;
				CLANG_WARN_DIRECT_OBJC_ISA_USAGE = YES_ERROR;
				CLANG_WARN_DOCUMENTATION_COMMENTS = YES;
				CLANG_WARN_EMPTY_BODY = YES;
				CLANG_WARN_ENUM_CONVERSION = YES;
				CLANG_WARN_INFINITE_RECURSION = YES;
				CLANG_WARN_INT_CONVERSION = YES;
				CLANG_WARN_NON_LITERAL_NULL_CONVERSION = YES;
				CLANG_WARN_OBJC_IMPLICIT_RETAIN_SELF = YES;
				CLANG_WARN_OBJC_LITERAL_CONVERSION = YES;
				CLANG_WARN_OBJC_ROOT_CLASS = YES_ERROR;
				CLANG_WARN_QUOTED_INCLUDE_IN_FRAMEWORK_HEADER = YES;
				CLANG_WARN_RANGE_LOOP_ANALYSIS = YES;
				CLANG_WARN_STRICT_PROTOTYPES = YES;
				CLANG_WARN_SUSPICIOUS_MOVE = YES;
				CLANG_WARN_UNGUARDED_AVAILABILITY = YES_AGGRESSIVE;
				CLANG_WARN_UNREACHABLE_CODE = YES;
				CLANG_WARN__DUPLICATE_METHOD_MATCH = YES;
				COPY_PHASE_STRIP = NO;
				DEBUG_INFORMATION_FORMAT = dwarf;
				ENABLE_STRICT_OBJC_MSGSEND = YES;
				ENABLE_TESTABILITY = YES;
				ENABLE_USER_SCRIPT_SANDBOXING = YES;
				GCC_C_LANGUAGE_STANDARD = gnu17;
				GCC_DYNAMIC_NO_PIC = NO;
				GCC_NO_COMMON_BLOCKS = YES;
				GCC_OPTIMIZATION_LEVEL = 0;
				GCC_PREPROCESSOR_DEFINITIONS = (
					"DEBUG=1",
					"$(inherited)",
				);
				GCC_WARN_64_TO_32_BIT_CONVERSION = YES;
				GCC_WARN_ABOUT_RETURN_TYPE = YES_ERROR;
				GCC_WARN_UNDECLARED_SELECTOR = YES;
				GCC_WARN_UNINITIALIZED_AUTOS = YES_AGGRESSIVE;
				GCC_WARN_UNUSED_FUNCTION = YES;
				GCC_WARN_UNUSED_VARIABLE = YES;
				IPHONEOS_DEPLOYMENT_TARGET = 17.4;
				LOCALIZATION_PREFERS_STRING_CATALOGS = YES;
				MTL_ENABLE_DEBUG_INFO = INCLUDE_SOURCE;
				MTL_FAST_MATH = YES;
				ONLY_ACTIVE_ARCH = YES;
				SDKROOT = iphoneos;
				SWIFT_ACTIVE_COMPILATION_CONDITIONS = "DEBUG $(inherited)";
				SWIFT_OPTIMIZATION_LEVEL = "-Onone";
			};
			name = Debug;
		};
		E6180D8F2C52B08D00E65532 /* Release */ = {
			isa = XCBuildConfiguration;
			buildSettings = {
				ALWAYS_SEARCH_USER_PATHS = NO;
				ASSETCATALOG_COMPILER_GENERATE_SWIFT_ASSET_SYMBOL_EXTENSIONS = YES;
				CLANG_ANALYZER_NONNULL = YES;
				CLANG_ANALYZER_NUMBER_OBJECT_CONVERSION = YES_AGGRESSIVE;
				CLANG_CXX_LANGUAGE_STANDARD = "gnu++20";
				CLANG_ENABLE_MODULES = YES;
				CLANG_ENABLE_OBJC_ARC = YES;
				CLANG_ENABLE_OBJC_WEAK = YES;
				CLANG_WARN_BLOCK_CAPTURE_AUTORELEASING = YES;
				CLANG_WARN_BOOL_CONVERSION = YES;
				CLANG_WARN_COMMA = YES;
				CLANG_WARN_CONSTANT_CONVERSION = YES;
				CLANG_WARN_DEPRECATED_OBJC_IMPLEMENTATIONS = YES;
				CLANG_WARN_DIRECT_OBJC_ISA_USAGE = YES_ERROR;
				CLANG_WARN_DOCUMENTATION_COMMENTS = YES;
				CLANG_WARN_EMPTY_BODY = YES;
				CLANG_WARN_ENUM_CONVERSION = YES;
				CLANG_WARN_INFINITE_RECURSION = YES;
				CLANG_WARN_INT_CONVERSION = YES;
				CLANG_WARN_NON_LITERAL_NULL_CONVERSION = YES;
				CLANG_WARN_OBJC_IMPLICIT_RETAIN_SELF = YES;
				CLANG_WARN_OBJC_LITERAL_CONVERSION = YES;
				CLANG_WARN_OBJC_ROOT_CLASS = YES_ERROR;
				CLANG_WARN_QUOTED_INCLUDE_IN_FRAMEWORK_HEADER = YES;
				CLANG_WARN_RANGE_LOOP_ANALYSIS = YES;
				CLANG_WARN_STRICT_PROTOTYPES = YES;
				CLANG_WARN_SUSPICIOUS_MOVE = YES;
				CLANG_WARN_UNGUARDED_AVAILABILITY = YES_AGGRESSIVE;
				CLANG_WARN_UNREACHABLE_CODE = YES;
				CLANG_WARN__DUPLICATE_METHOD_MATCH = YES;
				COPY_PHASE_STRIP = NO;
				DEBUG_INFORMATION_FORMAT = "dwarf-with-dsym";
				ENABLE_NS_ASSERTIONS = NO;
				ENABLE_STRICT_OBJC_MSGSEND = YES;
				ENABLE_USER_SCRIPT_SANDBOXING = YES;
				GCC_C_LANGUAGE_STANDARD = gnu17;
				GCC_NO_COMMON_BLOCKS = YES;
				GCC_WARN_64_TO_32_BIT_CONVERSION = YES;
				GCC_WARN_ABOUT_RETURN_TYPE = YES_ERROR;
				GCC_WARN_UNDECLARED_SELECTOR = YES;
				GCC_WARN_UNINITIALIZED_AUTOS = YES_AGGRESSIVE;
				GCC_WARN_UNUSED_FUNCTION = YES;
				GCC_WARN_UNUSED_VARIABLE = YES;
				IPHONEOS_DEPLOYMENT_TARGET = 17.4;
				LOCALIZATION_PREFERS_STRING_CATALOGS = YES;
				MTL_ENABLE_DEBUG_INFO = NO;
				MTL_FAST_MATH = YES;
				SDKROOT = iphoneos;
				SWIFT_COMPILATION_MODE = wholemodule;
				VALIDATE_PRODUCT = YES;
			};
			name = Release;
		};
		E6180D912C52B08D00E65532 /* Debug */ = {
			isa = XCBuildConfiguration;
			buildSettings = {
				ASSETCATALOG_COMPILER_APPICON_NAME = AppIcon;
				ASSETCATALOG_COMPILER_GLOBAL_ACCENT_COLOR_NAME = AccentColor;
				CODE_SIGN_STYLE = Automatic;
				CURRENT_PROJECT_VERSION = 1;
				DEVELOPMENT_TEAM = T77L9FD3JY;
				GENERATE_INFOPLIST_FILE = YES;
				INFOPLIST_FILE = ShiftLabApp/Info.plist;
				INFOPLIST_KEY_UIApplicationSupportsIndirectInputEvents = YES;
				INFOPLIST_KEY_UILaunchStoryboardName = LaunchScreen;
				INFOPLIST_KEY_UIMainStoryboardFile = Main;
				INFOPLIST_KEY_UISupportedInterfaceOrientations_iPad = "UIInterfaceOrientationPortrait UIInterfaceOrientationPortraitUpsideDown UIInterfaceOrientationLandscapeLeft UIInterfaceOrientationLandscapeRight";
				INFOPLIST_KEY_UISupportedInterfaceOrientations_iPhone = "UIInterfaceOrientationPortrait UIInterfaceOrientationLandscapeLeft UIInterfaceOrientationLandscapeRight";
				LD_RUNPATH_SEARCH_PATHS = (
					"$(inherited)",
					"@executable_path/Frameworks",
				);
				MARKETING_VERSION = 1.0;
				PRODUCT_BUNDLE_IDENTIFIER = ru.icodelessons.ShiftLabApp;
				PRODUCT_NAME = "$(TARGET_NAME)";
				SWIFT_EMIT_LOC_STRINGS = YES;
				SWIFT_VERSION = 5.0;
				TARGETED_DEVICE_FAMILY = "1,2";
			};
			name = Debug;
		};
		E6180D922C52B08D00E65532 /* Release */ = {
			isa = XCBuildConfiguration;
			buildSettings = {
				ASSETCATALOG_COMPILER_APPICON_NAME = AppIcon;
				ASSETCATALOG_COMPILER_GLOBAL_ACCENT_COLOR_NAME = AccentColor;
				CODE_SIGN_STYLE = Automatic;
				CURRENT_PROJECT_VERSION = 1;
				DEVELOPMENT_TEAM = T77L9FD3JY;
				GENERATE_INFOPLIST_FILE = YES;
				INFOPLIST_FILE = ShiftLabApp/Info.plist;
				INFOPLIST_KEY_UIApplicationSupportsIndirectInputEvents = YES;
				INFOPLIST_KEY_UILaunchStoryboardName = LaunchScreen;
				INFOPLIST_KEY_UIMainStoryboardFile = Main;
				INFOPLIST_KEY_UISupportedInterfaceOrientations_iPad = "UIInterfaceOrientationPortrait UIInterfaceOrientationPortraitUpsideDown UIInterfaceOrientationLandscapeLeft UIInterfaceOrientationLandscapeRight";
				INFOPLIST_KEY_UISupportedInterfaceOrientations_iPhone = "UIInterfaceOrientationPortrait UIInterfaceOrientationLandscapeLeft UIInterfaceOrientationLandscapeRight";
				LD_RUNPATH_SEARCH_PATHS = (
					"$(inherited)",
					"@executable_path/Frameworks",
				);
				MARKETING_VERSION = 1.0;
				PRODUCT_BUNDLE_IDENTIFIER = ru.icodelessons.ShiftLabApp;
				PRODUCT_NAME = "$(TARGET_NAME)";
				SWIFT_EMIT_LOC_STRINGS = YES;
				SWIFT_VERSION = 5.0;
				TARGETED_DEVICE_FAMILY = "1,2";
			};
			name = Release;
		};
/* End XCBuildConfiguration section */

/* Begin XCConfigurationList section */
		E6180D742C52B08C00E65532 /* Build configuration list for PBXProject "ShiftLabApp" */ = {
			isa = XCConfigurationList;
			buildConfigurations = (
				E6180D8E2C52B08D00E65532 /* Debug */,
				E6180D8F2C52B08D00E65532 /* Release */,
			);
			defaultConfigurationIsVisible = 0;
			defaultConfigurationName = Release;
		};
		E6180D902C52B08D00E65532 /* Build configuration list for PBXNativeTarget "ShiftLabApp" */ = {
			isa = XCConfigurationList;
			buildConfigurations = (
				E6180D912C52B08D00E65532 /* Debug */,
				E6180D922C52B08D00E65532 /* Release */,
			);
			defaultConfigurationIsVisible = 0;
			defaultConfigurationName = Release;
		};
/* End XCConfigurationList section */

/* Begin XCVersionGroup section */
		E6180D852C52B08C00E65532 /* ShiftLabApp.xcdatamodeld */ = {
			isa = XCVersionGroup;
			children = (
				E6180D862C52B08C00E65532 /* ShiftLabApp.xcdatamodel */,
			);
			currentVersion = E6180D862C52B08C00E65532 /* ShiftLabApp.xcdatamodel */;
			path = ShiftLabApp.xcdatamodeld;
			sourceTree = "<group>";
			versionGroupType = wrapper.xcdatamodel;
		};
/* End XCVersionGroup section */
	};
	rootObject = E6180D712C52B08C00E65532 /* Project object */;
}
